
Microsoft Visual Studio Solution File, Format Version 12.00
# Visual Studio 15
VisualStudioVersion = 15.0.27703.2026
MinimumVisualStudioVersion = 10.0.40219.1
Project("{FAE04EC0-301F-11D3-BF4B-00C04F79EFBC}") = "BlocksEditor", "BlocksEditor\BlocksEditor.csproj", "{A5AB0319-B176-4BE4-973A-2BF735B9E00D}"
EndProject
Project("{FAE04EC0-301F-11D3-BF4B-00C04F79EFBC}") = "BlocksLibrary", "BlocksLibrary\BlocksLibrary.csproj", "{A2594343-B33E-4DAD-B667-4940D48A1155}"
EndProject
Project("{FAE04EC0-301F-11D3-BF4B-00C04F79EFBC}") = "BlocksTests", "BlocksTests\BlocksTests.csproj", "{A4663497-BC50-4A5E-BEDB-23446E27A823}"
EndProject
Global
	GlobalSection(SolutionConfigurationPlatforms) = preSolution
		Debug|Any CPU = Debug|Any CPU
		Release|Any CPU = Release|Any CPU
	EndGlobalSection
	GlobalSection(ProjectConfigurationPlatforms) = postSolution
		{A5AB0319-B176-4BE4-973A-2BF735B9E00D}.Debug|Any CPU.ActiveCfg = Debug|Any CPU
		{A5AB0319-B176-4BE4-973A-2BF735B9E00D}.Debug|Any CPU.Build.0 = Debug|Any CPU
		{A5AB0319-B176-4BE4-973A-2BF735B9E00D}.Release|Any CPU.ActiveCfg = Release|Any CPU
		{A5AB0319-B176-4BE4-973A-2BF735B9E00D}.Release|Any CPU.Build.0 = Release|Any CPU
		{A2594343-B33E-4DAD-B667-4940D48A1155}.Debug|Any CPU.ActiveCfg = Debug|Any CPU
		{A2594343-B33E-4DAD-B667-4940D48A1155}.Debug|Any CPU.Build.0 = Debug|Any CPU
		{A2594343-B33E-4DAD-B667-4940D48A1155}.Release|Any CPU.ActiveCfg = Release|Any CPU
		{A2594343-B33E-4DAD-B667-4940D48A1155}.Release|Any CPU.Build.0 = Release|Any CPU
		{A4663497-BC50-4A5E-BEDB-23446E27A823}.Debug|Any CPU.ActiveCfg = Debug|Any CPU
		{A4663497-BC50-4A5E-BEDB-23446E27A823}.Debug|Any CPU.Build.0 = Debug|Any CPU
		{A4663497-BC50-4A5E-BEDB-23446E27A823}.Release|Any CPU.ActiveCfg = Release|Any CPU
		{A4663497-BC50-4A5E-BEDB-23446E27A823}.Release|Any CPU.Build.0 = Release|Any CPU
	EndGlobalSection
	GlobalSection(SolutionProperties) = preSolution
		HideSolutionNode = FALSE
	EndGlobalSection
	GlobalSection(ExtensibilityGlobals) = postSolution
		SolutionGuid = {3EFBBA02-56A7-4434-BB4A-CF5991305271}
	EndGlobalSection
EndGlobal
